
Microsoft Visual Studio Solution File, Format Version 12.00
# Visual Studio Version 17
VisualStudioVersion = 17.2.32630.192
MinimumVisualStudioVersion = 10.0.40219.1
Project("{FAE04EC0-301F-11D3-BF4B-00C04F79EFBC}") = "Warriors Of The Nile 2", "BepInPluginSample\Warriors Of The Nile 2.csproj", "{14DA50DF-E38B-4B43-8BBC-35700688B75D}"
EndProject
Project("{2150E333-8FDC-42A3-9474-1A3956D46DE8}") = "솔루션 항목", "솔루션 항목", "{E714D714-6400-4C89-A99C-89C5ECAF488B}"
	ProjectSection(SolutionItems) = preProject
		README.MD = README.MD
	EndProjectSection
EndProject
Global
	GlobalSection(SolutionConfigurationPlatforms) = preSolution
		Debug|Any CPU = Debug|Any CPU
		Release|Any CPU = Release|Any CPU
	EndGlobalSection
	GlobalSection(ProjectConfigurationPlatforms) = postSolution
		{14DA50DF-E38B-4B43-8BBC-35700688B75D}.Debug|Any CPU.ActiveCfg = Debug|Any CPU
		{14DA50DF-E38B-4B43-8BBC-35700688B75D}.Debug|Any CPU.Build.0 = Debug|Any CPU
		{14DA50DF-E38B-4B43-8BBC-35700688B75D}.Release|Any CPU.ActiveCfg = Release|Any CPU
		{14DA50DF-E38B-4B43-8BBC-35700688B75D}.Release|Any CPU.Build.0 = Release|Any CPU
	EndGlobalSection
	GlobalSection(SolutionProperties) = preSolution
		HideSolutionNode = FALSE
	EndGlobalSection
	GlobalSection(ExtensibilityGlobals) = postSolution
		SolutionGuid = {24FF1AE2-E823-4448-819C-8DA7ADF3D16A}
	EndGlobalSection
EndGlobal
